github.com/BurntSushi/toml v0.3.1/go.mod h1:xHWCNGjB5oqiDr8zfno3MHue2Ht5sIBksp03qcyfWMU=
github.com/cpuguy83/go-md2man/v2 v2.0.0-20190314233015-f79a8a8ca69d h1:U+s90UTSYgptZMwQh2aRr3LuazLJIa+Pg3Kc1ylSYVY=
github.com/cpuguy83/go-md2man/v2 v2.0.0-20190314233015-f79a8a8ca69d/go.mod h1:maD7wRr/U5Z6m/iR4s+kqSMx2CaBsrgA7czyZG/E6dU=
github.com/mariiatuzovska/ciphers v0.0.0-20200130154722-f22d2ac6ad1b h1:GvOP1c7QgHcm4rGxkgVTHptEEYciHpsOviBnE5YZb2k=
github.com/mariiatuzovska/ciphers v0.0.0-20200130154722-f22d2ac6ad1b/go.mod h1:eO/KXC2P4bzSMkrgoEK8uSymEEFHL2AgxEHRQZv6Bx0=
github.com/mariiatuzovska/ciphers v0.0.0-20200130161341-e15f1029b98b h1:0HvelL5K9mNLuoURirCNDfw42JXjoMrDu/1TOt8iReU=
github.com/mariiatuzovska/ciphers v0.0.0-20200130161341-e15f1029b98b/go.mod h1:eO/KXC2P4bzSMkrgoEK8uSymEEFHL2AgxEHRQZv6Bx0=
github.com/mariiatuzovska/ciphers v0.0.0-20200130161701-29ab1c9eac4c h1:suwqnm3I2zfkKSyWOV+Peo0lWKND2nx8HO4LqKygkCc=
github.com/mariiatuzovska/ciphers v0.0.0-20200130161701-29ab1c9eac4c/go.mod h1:eO/KXC2P4bzSMkrgoEK8uSymEEFHL2AgxEHRQZv6Bx0=
github.com/mariiatuzovska/ciphers v0.0.0-20200202133931-bc77214e179d h1:QWzsvnlBeF5ZVg8JksW8CFpkNmgo9Q8k8pbiot4SZmM=
github.com/mariiatuzovska/ciphers v0.0.0-20200202133931-bc77214e179d/go.mod h1:eO/KXC2P4bzSMkrgoEK8uSymEEFHL2AgxEHRQZv6Bx0=
github.com/pmezard/go-difflib v1.0.0/go.mod h1:iKH77koFhYxTK1pcRnkKkqfTogsbg7gZNVY4sRDYZ/4=
github.com/russross/blackfriday/v2 v2.0.1 h1:lPqVAte+HuHNfhJ/0LC98ESWRz8afy9tM/0RK8m9o+Q=
github.com/russross/blackfriday/v2 v2.0.1/go.mod h1:+Rmxgy9KzJVeS9/2gXHxylqXiyQDYRxCVz55jmeOWTM=
github.com/shurcooL/sanitized_anchor_name v1.0.0 h1:PdmoCO6wvbs+7yrJyMORt4/BmY5IYyJwS/kOiWx8mHo=
github.com/shurcooL/sanitized_anchor_name v1.0.0/go.mod h1:1NzhyTcUVG4SuEtjjoZeVRXNmyL/1OwPU0+IJeTBvfc=
github.com/urfave/cli v1.22.2 h1:gsqYFH8bb9ekPA12kRo0hfjngWQjkJPlN9R0N78BoUo=
github.com/urfave/cli v1.22.2/go.mod h1:Gos4lmkARVdJ6EkW0WaNv/tZAAMe9V7XWyB60NtXRu0=
gopkg.in/check.v1 v0.0.0-20161208181325-20d25e280405/go.mod h1:Co6ibVJAznAaIkqp8huTwlJQCZ016jof/cbN4VW5Yz0=
gopkg.in/yaml.v2 v2.2.2/go.mod h1:hI93XBmqTisBFMUTm0b8Fm+jr3Dg1NNxqwp+5A1VGuI=
